// !$*UTF8*$!
{
	archiveVersion = 1;
	classes = {
	};
	objectVersion = 50;
	objects = {

/* Begin PBXBuildFile section */
		D8217C7224AE7D45009CFD59 /* AppDelegate.swift in Sources */ = {isa = PBXBuildFile; fileRef = D8217C7124AE7D45009CFD59 /* AppDelegate.swift */; };
		D8217C7424AE7D45009CFD59 /* SceneDelegate.swift in Sources */ = {isa = PBXBuildFile; fileRef = D8217C7324AE7D45009CFD59 /* SceneDelegate.swift */; };
		D8217C7624AE7D45009CFD59 /* ViewController.swift in Sources */ = {isa = PBXBuildFile; fileRef = D8217C7524AE7D45009CFD59 /* ViewController.swift */; };
		D8217C7924AE7D45009CFD59 /* Main.storyboard in Resources */ = {isa = PBXBuildFile; fileRef = D8217C7724AE7D45009CFD59 /* Main.storyboard */; };
		D8217C7B24AE7D47009CFD59 /* Assets.xcassets in Resources */ = {isa = PBXBuildFile; fileRef = D8217C7A24AE7D47009CFD59 /* Assets.xcassets */; };
		D8217C7E24AE7D47009CFD59 /* LaunchScreen.storyboard in Resources */ = {isa = PBXBuildFile; fileRef = D8217C7C24AE7D47009CFD59 /* LaunchScreen.storyboard */; };
/* End PBXBuildFile section */

/* Begin PBXFileReference section */
		D8217C6E24AE7D45009CFD59 /* ViewControllersHiearachy.app */ = {isa = PBXFileReference; explicitFileType = wrapper.application; includeInIndex = 0; path = ViewControllersHiearachy.app; sourceTree = BUILT_PRODUCTS_DIR; };
		D8217C7124AE7D45009CFD59 /* AppDelegate.swift */ = {isa = PBXFileReference; lastKnownFileType = sourcecode.swift; path = AppDelegate.swift; sourceTree = "<group>"; };
		D8217C7324AE7D45009CFD59 /* SceneDelegate.swift */ = {isa = PBXFileReference; lastKnownFileType = sourcecode.swift; path = SceneDelegate.swift; sourceTree = "<group>"; };
		D8217C7524AE7D45009CFD59 /* ViewController.swift */ = {isa = PBXFileReference; lastKnownFileType = sourcecode.swift; path = ViewController.swift; sourceTree = "<group>"; };
		D8217C7824AE7D45009CFD59 /* Base */ = {isa = PBXFileReference; lastKnownFileType = file.storyboard; name = Base; path = Base.lproj/Main.storyboard; sourceTree = "<group>"; };
		D8217C7A24AE7D47009CFD59 /* Assets.xcassets */ = {isa = PBXFileReference; lastKnownFileType = folder.assetcatalog; path = Assets.xcassets; sourceTree = "<group>"; };
		D8217C7D24AE7D47009CFD59 /* Base */ = {isa = PBXFileReference; lastKnownFileType = file.storyboard; name = Base; path = Base.lproj/LaunchScreen.storyboard; sourceTree = "<group>"; };
		D8217C7F24AE7D47009CFD59 /* Info.plist */ = {isa = PBXFileReference; lastKnownFileType = text.plist.xml; path = Info.plist; sourceTree = "<group>"; };
/* End PBXFileReference section */

/* Begin PBXFrameworksBuildPhase section */
		D8217C6B24AE7D44009CFD59 /* Frameworks */ = {
			isa = PBXFrameworksBuildPhase;
			buildActionMask = 2147483647;
			files = (
			);
			runOnlyForDeploymentPostprocessing = 0;
		};
/* End PBXFrameworksBuildPhase section */

/* Begin PBXGroup section */
		D8217C6524AE7D44009CFD59 = {
			isa = PBXGroup;
			children = (
				D8217C7024AE7D45009CFD59 /* ViewControllersHiearachy */,
				D8217C6F24AE7D45009CFD59 /* Products */,
			);
			sourceTree = "<group>";
		};
		D8217C6F24AE7D45009CFD59 /* Products */ = {
			isa = PBXGroup;
			children = (
				D8217C6E24AE7D45009CFD59 /* ViewControllersHiearachy.app */,
			);
			name = Products;
			sourceTree = "<group>";
		};
		D8217C7024AE7D45009CFD59 /* ViewControllersHiearachy */ = {
			isa = PBXGroup;
			children = (
				D8217C7124AE7D45009CFD59 /* AppDelegate.swift */,
				D8217C7324AE7D45009CFD59 /* SceneDelegate.swift */,
				D8217C7524AE7D45009CFD59 /* ViewController.swift */,
				D8217C7724AE7D45009CFD59 /* Main.storyboard */,
				D8217C7A24AE7D47009CFD59 /* Assets.xcassets */,
				D8217C7C24AE7D47009CFD59 /* LaunchScreen.storyboard */,
				D8217C7F24AE7D47009CFD59 /* Info.plist */,
			);
			path = ViewControllersHiearachy;
			sourceTree = "<group>";
		};
/* End PBXGroup section */

/* Begin PBXNativeTarget section */
		D8217C6D24AE7D44009CFD59 /* ViewControllersHiearachy */ = {
			isa = PBXNativeTarget;
			buildConfigurationList = D8217C8224AE7D47009CFD59 /* Build configuration list for PBXNativeTarget "ViewControllersHiearachy" */;
			buildPhases = (
				D8217C6A24AE7D44009CFD59 /* Sources */,
				D8217C6B24AE7D44009CFD59 /* Frameworks */,
				D8217C6C24AE7D44009CFD59 /* Resources */,
			);
			buildRules = (
			);
			dependencies = (
			);
			name = ViewControllersHiearachy;
			productName = ViewControllersHiearachy;
			productReference = D8217C6E24AE7D45009CFD59 /* ViewControllersHiearachy.app */;
			productType = "com.apple.product-type.application";
		};
/* End PBXNativeTarget section */

/* Begin PBXProject section */
		D8217C6624AE7D44009CFD59 /* Project object */ = {
			isa = PBXProject;
			attributes = {
				LastSwiftUpdateCheck = 1150;
				LastUpgradeCheck = 1150;
				ORGANIZATIONNAME = "Vladimir Banushkin";
				TargetAttributes = {
					D8217C6D24AE7D44009CFD59 = {
						CreatedOnToolsVersion = 11.5;
					};
				};
			};
			buildConfigurationList = D8217C6924AE7D44009CFD59 /* Build configuration list for PBXProject "ViewControllersHiearachy" */;
			compatibilityVersion = "Xcode 9.3";
			developmentRegion = en;
			hasScannedForEncodings = 0;
			knownRegions = (
				en,
				Base,
			);
			mainGroup = D8217C6524AE7D44009CFD59;
			productRefGroup = D8217C6F24AE7D45009CFD59 /* Products */;
			projectDirPath = "";
			projectRoot = "";
			targets = (
				D8217C6D24AE7D44009CFD59 /* ViewControllersHiearachy */,
			);
		};
/* End PBXProject section */

/* Begin PBXResourcesBuildPhase section */
		D8217C6C24AE7D44009CFD59 /* Resources */ = {
			isa = PBXResourcesBuildPhase;
			buildActionMask = 2147483647;
			files = (
				D8217C7E24AE7D47009CFD59 /* LaunchScreen.storyboard in Resources */,
				D8217C7B24AE7D47009CFD59 /* Assets.xcassets in Resources */,
				D8217C7924AE7D45009CFD59 /* Main.storyboard in Resources */,
			);
			runOnlyForDeploymentPostprocessing = 0;
		};
/* End PBXResourcesBuildPhase section */

/* Begin PBXSourcesBuildPhase section */
		D8217C6A24AE7D44009CFD59 /* Sources */ = {
			isa = PBXSourcesBuildPhase;
			buildActionMask = 2147483647;
			files = (
				D8217C7624AE7D45009CFD59 /* ViewController.swift in Sources */,
				D8217C7224AE7D45009CFD59 /* AppDelegate.swift in Sources */,
				D8217C7424AE7D45009CFD59 /* SceneDelegate.swift in Sources */,
			);
			runOnlyForDeploymentPostprocessing = 0;
		};
/* End PBXSourcesBuildPhase section */

/* Begin PBXVariantGroup section */
		D8217C7724AE7D45009CFD59 /* Main.storyboard */ = {
			isa = PBXVariantGroup;
			children = (
				D8217C7824AE7D45009CFD59 /* Base */,
			);
			name = Main.storyboard;
			sourceTree = "<group>";
		};
		D8217C7C24AE7D47009CFD59 /* LaunchScreen.storyboard */ = {
			isa = PBXVariantGroup;
			children = (
				D8217C7D24AE7D47009CFD59 /* Base */,
			);
			name = LaunchScreen.storyboard;
			sourceTree = "<group>";
		};
/* End PBXVariantGroup section */

/* Begin XCBuildConfiguration section */
		D8217C8024AE7D47009CFD59 /* Debug */ = {
			isa = XCBuildConfiguration;
			buildSettings = {
				ALWAYS_SEARCH_USER_PATHS = NO;
				CLANG_ANALYZER_NONNULL = YES;
				CLANG_ANALYZER_NUMBER_OBJECT_CONVERSION = YES_AGGRESSIVE;
				CLANG_CXX_LANGUAGE_STANDARD = "gnu++14";
				CLANG_CXX_LIBRARY = "libc++";
				CLANG_ENABLE_MODULES = YES;
				CLANG_ENABLE_OBJC_ARC = YES;
				CLANG_ENABLE_OBJC_WEAK = YES;
				CLANG_WARN_BLOCK_CAPTURE_AUTORELEASING = YES;
				CLANG_WARN_BOOL_CONVERSION = YES;
				CLANG_WARN_COMMA = YES;
				CLANG_WARN_CONSTANT_CONVERSION = YES;
				CLANG_WARN_DEPRECATED_OBJC_IMPLEMENTATIONS = YES;
				CLANG_WARN_DIRECT_OBJC_ISA_USAGE = YES_ERROR;
				CLANG_WARN_DOCUMENTATION_COMMENTS = YES;
				CLANG_WARN_EMPTY_BODY = YES;
				CLANG_WARN_ENUM_CONVERSION = YES;
				CLANG_WARN_INFINITE_RECURSION = YES;
				CLANG_WARN_INT_CONVERSION = YES;
				CLANG_WARN_NON_LITERAL_NULL_CONVERSION = YES;
				CLANG_WARN_OBJC_IMPLICIT_RETAIN_SELF = YES;
				CLANG_WARN_OBJC_LITERAL_CONVERSION = YES;
				CLANG_WARN_OBJC_ROOT_CLASS = YES_ERROR;
				CLANG_WARN_RANGE_LOOP_ANALYSIS = YES;
				CLANG_WARN_STRICT_PROTOTYPES = YES;
				CLANG_WARN_SUSPICIOUS_MOVE = YES;
				CLANG_WARN_UNGUARDED_AVAILABILITY = YES_AGGRESSIVE;
				CLANG_WARN_UNREACHABLE_CODE = YES;
				CLANG_WARN__DUPLICATE_METHOD_MATCH = YES;
				COPY_PHASE_STRIP = NO;
				DEBUG_INFORMATION_FORMAT = dwarf;
				ENABLE_STRICT_OBJC_MSGSEND = YES;
				ENABLE_TESTABILITY = YES;
				GCC_C_LANGUAGE_STANDARD = gnu11;
				GCC_DYNAMIC_NO_PIC = NO;
				GCC_NO_COMMON_BLOCKS = YES;
				GCC_OPTIMIZATION_LEVEL = 0;
				GCC_PREPROCESSOR_DEFINITIONS = (
					"DEBUG=1",
					"$(inherited)",
				);
				GCC_WARN_64_TO_32_BIT_CONVERSION = YES;
				GCC_WARN_ABOUT_RETURN_TYPE = YES_ERROR;
				GCC_WARN_UNDECLARED_SELECTOR = YES;
				GCC_WARN_UNINITIALIZED_AUTOS = YES_AGGRESSIVE;
				GCC_WARN_UNUSED_FUNCTION = YES;
				GCC_WARN_UNUSED_VARIABLE = YES;
				IPHONEOS_DEPLOYMENT_TARGET = 13.5;
				MTL_ENABLE_DEBUG_INFO = INCLUDE_SOURCE;
				MTL_FAST_MATH = YES;
				ONLY_ACTIVE_ARCH = YES;
				SDKROOT = iphoneos;
				SWIFT_ACTIVE_COMPILATION_CONDITIONS = DEBUG;
				SWIFT_OPTIMIZATION_LEVEL = "-Onone";
			};
			name = Debug;
		};
		D8217C8124AE7D47009CFD59 /* Release */ = {
			isa = XCBuildConfiguration;
			buildSettings = {
				ALWAYS_SEARCH_USER_PATHS = NO;
				CLANG_ANALYZER_NONNULL = YES;
				CLANG_ANALYZER_NUMBER_OBJECT_CONVERSION = YES_AGGRESSIVE;
				CLANG_CXX_LANGUAGE_STANDARD = "gnu++14";
				CLANG_CXX_LIBRARY = "libc++";
				CLANG_ENABLE_MODULES = YES;
				CLANG_ENABLE_OBJC_ARC = YES;
				CLANG_ENABLE_OBJC_WEAK = YES;
				CLANG_WARN_BLOCK_CAPTURE_AUTORELEASING = YES;
				CLANG_WARN_BOOL_CONVERSION = YES;
				CLANG_WARN_COMMA = YES;
				CLANG_WARN_CONSTANT_CONVERSION = YES;
				CLANG_WARN_DEPRECATED_OBJC_IMPLEMENTATIONS = YES;
				CLANG_WARN_DIRECT_OBJC_ISA_USAGE = YES_ERROR;
				CLANG_WARN_DOCUMENTATION_COMMENTS = YES;
				CLANG_WARN_EMPTY_BODY = YES;
				CLANG_WARN_ENUM_CONVERSION = YES;
				CLANG_WARN_INFINITE_RECURSION = YES;
				CLANG_WARN_INT_CONVERSION = YES;
				CLANG_WARN_NON_LITERAL_NULL_CONVERSION = YES;
				CLANG_WARN_OBJC_IMPLICIT_RETAIN_SELF = YES;
				CLANG_WARN_OBJC_LITERAL_CONVERSION = YES;
				CLANG_WARN_OBJC_ROOT_CLASS = YES_ERROR;
				CLANG_WARN_RANGE_LOOP_ANALYSIS = YES;
				CLANG_WARN_STRICT_PROTOTYPES = YES;
				CLANG_WARN_SUSPICIOUS_MOVE = YES;
				CLANG_WARN_UNGUARDED_AVAILABILITY = YES_AGGRESSIVE;
				CLANG_WARN_UNREACHABLE_CODE = YES;
				CLANG_WARN__DUPLICATE_METHOD_MATCH = YES;
				COPY_PHASE_STRIP = NO;
				DEBUG_INFORMATION_FORMAT = "dwarf-with-dsym";
				ENABLE_NS_ASSERTIONS = NO;
				ENABLE_STRICT_OBJC_MSGSEND = YES;
				GCC_C_LANGUAGE_STANDARD = gnu11;
				GCC_NO_COMMON_BLOCKS = YES;
				GCC_WARN_64_TO_32_BIT_CONVERSION = YES;
				GCC_WARN_ABOUT_RETURN_TYPE = YES_ERROR;
				GCC_WARN_UNDECLARED_SELECTOR = YES;
				GCC_WARN_UNINITIALIZED_AUTOS = YES_AGGRESSIVE;
				GCC_WARN_UNUSED_FUNCTION = YES;
				GCC_WARN_UNUSED_VARIABLE = YES;
				IPHONEOS_DEPLOYMENT_TARGET = 13.5;
				MTL_ENABLE_DEBUG_INFO = NO;
				MTL_FAST_MATH = YES;
				SDKROOT = iphoneos;
				SWIFT_COMPILATION_MODE = wholemodule;
				SWIFT_OPTIMIZATION_LEVEL = "-O";
				VALIDATE_PRODUCT = YES;
			};
			name = Release;
		};
		D8217C8324AE7D47009CFD59 /* Debug */ = {
			isa = XCBuildConfiguration;
			buildSettings = {
				ASSETCATALOG_COMPILER_APPICON_NAME = AppIcon;
				CODE_SIGN_STYLE = Automatic;
				DEVELOPMENT_TEAM = 48949KRUQQ;
				INFOPLIST_FILE = ViewControllersHiearachy/Info.plist;
				LD_RUNPATH_SEARCH_PATHS = (
					"$(inherited)",
					"@executable_path/Frameworks",
				);
				PRODUCT_BUNDLE_IDENTIFIER = BroSquad.ViewControllersHiearachy;
				PRODUCT_NAME = "$(TARGET_NAME)";
				SWIFT_VERSION = 5.0;
				TARGETED_DEVICE_FAMILY = "1,2";
			};
			name = Debug;
		};
		D8217C8424AE7D47009CFD59 /* Release */ = {
			isa = XCBuildConfiguration;
			buildSettings = {
				ASSETCATALOG_COMPILER_APPICON_NAME = AppIcon;
				CODE_SIGN_STYLE = Automatic;
				DEVELOPMENT_TEAM = 48949KRUQQ;
				INFOPLIST_FILE = ViewControllersHiearachy/Info.plist;
				LD_RUNPATH_SEARCH_PATHS = (
					"$(inherited)",
					"@executable_path/Frameworks",
				);
				PRODUCT_BUNDLE_IDENTIFIER = BroSquad.ViewControllersHiearachy;
				PRODUCT_NAME = "$(TARGET_NAME)";
				SWIFT_VERSION = 5.0;
				TARGETED_DEVICE_FAMILY = "1,2";
			};
			name = Release;
		};
/* End XCBuildConfiguration section */

/* Begin XCConfigurationList section */
		D8217C6924AE7D44009CFD59 /* Build configuration list for PBXProject "ViewControllersHiearachy" */ = {
			isa = XCConfigurationList;
			buildConfigurations = (
				D8217C8024AE7D47009CFD59 /* Debug */,
				D8217C8124AE7D47009CFD59 /* Release */,
			);
			defaultConfigurationIsVisible = 0;
			defaultConfigurationName = Release;
		};
		D8217C8224AE7D47009CFD59 /* Build configuration list for PBXNativeTarget "ViewControllersHiearachy" */ = {
			isa = XCConfigurationList;
			buildConfigurations = (
				D8217C8324AE7D47009CFD59 /* Debug */,
				D8217C8424AE7D47009CFD59 /* Release */,
			);
			defaultConfigurationIsVisible = 0;
			defaultConfigurationName = Release;
		};
/* End XCConfigurationList section */
	};
	rootObject = D8217C6624AE7D44009CFD59 /* Project object */;
}
